
Microsoft Visual Studio Solution File, Format Version 12.00
# Visual Studio Version 16
VisualStudioVersion = 16.0.31624.102
MinimumVisualStudioVersion = 10.0.40219.1
Project("{9A19103F-16F7-4668-BE54-9A1E7A4F7556}") = "Johari", "Johari\Johari.csproj", "{EC267F7E-DB5F-4693-A517-97B71C67B4DA}"
	ProjectSection(ProjectDependencies) = postProject
		{A8683D94-966F-46EB-B52B-DD13AF7FF81A} = {A8683D94-966F-46EB-B52B-DD13AF7FF81A}
		{29B0F9F6-9BE9-4086-9F29-52149A03FBB5} = {29B0F9F6-9BE9-4086-9F29-52149A03FBB5}
	EndProjectSection
EndProject
Project("{9A19103F-16F7-4668-BE54-9A1E7A4F7556}") = "Infrastructure", "Infrastructure1\Infrastructure.csproj", "{A8683D94-966F-46EB-B52B-DD13AF7FF81A}"
	ProjectSection(ProjectDependencies) = postProject
		{29B0F9F6-9BE9-4086-9F29-52149A03FBB5} = {29B0F9F6-9BE9-4086-9F29-52149A03FBB5}
	EndProjectSection
EndProject
Project("{9A19103F-16F7-4668-BE54-9A1E7A4F7556}") = "ApplicationCore", "ApplicationCore1\ApplicationCore.csproj", "{29B0F9F6-9BE9-4086-9F29-52149A03FBB5}"
EndProject
Global
	GlobalSection(SolutionConfigurationPlatforms) = preSolution
		Debug|Any CPU = Debug|Any CPU
		Release|Any CPU = Release|Any CPU
	EndGlobalSection
	GlobalSection(ProjectConfigurationPlatforms) = postSolution
		{EC267F7E-DB5F-4693-A517-97B71C67B4DA}.Debug|Any CPU.ActiveCfg = Debug|Any CPU
		{EC267F7E-DB5F-4693-A517-97B71C67B4DA}.Debug|Any CPU.Build.0 = Debug|Any CPU
		{EC267F7E-DB5F-4693-A517-97B71C67B4DA}.Release|Any CPU.ActiveCfg = Release|Any CPU
		{EC267F7E-DB5F-4693-A517-97B71C67B4DA}.Release|Any CPU.Build.0 = Release|Any CPU
		{A8683D94-966F-46EB-B52B-DD13AF7FF81A}.Debug|Any CPU.ActiveCfg = Debug|Any CPU
		{A8683D94-966F-46EB-B52B-DD13AF7FF81A}.Debug|Any CPU.Build.0 = Debug|Any CPU
		{A8683D94-966F-46EB-B52B-DD13AF7FF81A}.Release|Any CPU.ActiveCfg = Release|Any CPU
		{A8683D94-966F-46EB-B52B-DD13AF7FF81A}.Release|Any CPU.Build.0 = Release|Any CPU
		{29B0F9F6-9BE9-4086-9F29-52149A03FBB5}.Debug|Any CPU.ActiveCfg = Debug|Any CPU
		{29B0F9F6-9BE9-4086-9F29-52149A03FBB5}.Debug|Any CPU.Build.0 = Debug|Any CPU
		{29B0F9F6-9BE9-4086-9F29-52149A03FBB5}.Release|Any CPU.ActiveCfg = Release|Any CPU
		{29B0F9F6-9BE9-4086-9F29-52149A03FBB5}.Release|Any CPU.Build.0 = Release|Any CPU
	EndGlobalSection
	GlobalSection(SolutionProperties) = preSolution
		HideSolutionNode = FALSE
	EndGlobalSection
	GlobalSection(ExtensibilityGlobals) = postSolution
		SolutionGuid = {EA87A97D-E8C3-4A00-AAFF-591ED28DF91B}
	EndGlobalSection
EndGlobal
